
Microsoft Visual Studio Solution File, Format Version 12.00
# Visual Studio Version 17
VisualStudioVersion = 17.10.34825.169
MinimumVisualStudioVersion = 10.0.40219.1
Project("{FAE04EC0-301F-11D3-BF4B-00C04F79EFBC}") = "Company", "Company\Company.csproj", "{A6AA55D2-1D2E-482F-997C-2694811BB845}"
EndProject
Global
	GlobalSection(SolutionConfigurationPlatforms) = preSolution
		Debug|Any CPU = Debug|Any CPU
		Release|Any CPU = Release|Any CPU
	EndGlobalSection
	GlobalSection(ProjectConfigurationPlatforms) = postSolution
		{A6AA55D2-1D2E-482F-997C-2694811BB845}.Debug|Any CPU.ActiveCfg = Debug|Any CPU
		{A6AA55D2-1D2E-482F-997C-2694811BB845}.Debug|Any CPU.Build.0 = Debug|Any CPU
		{A6AA55D2-1D2E-482F-997C-2694811BB845}.Release|Any CPU.ActiveCfg = Release|Any CPU
		{A6AA55D2-1D2E-482F-997C-2694811BB845}.Release|Any CPU.Build.0 = Release|Any CPU
	EndGlobalSection
	GlobalSection(SolutionProperties) = preSolution
		HideSolutionNode = FALSE
	EndGlobalSection
	GlobalSection(ExtensibilityGlobals) = postSolution
		SolutionGuid = {FB116380-BB93-4C8F-AD3A-E08605EF8FFB}
	EndGlobalSection
EndGlobal
